
Microsoft Visual Studio Solution File, Format Version 12.00
# Visual Studio 15
VisualStudioVersion = 15.0.28010.2050
MinimumVisualStudioVersion = 10.0.40219.1
Project("{FAE04EC0-301F-11D3-BF4B-00C04F79EFBC}") = "WPF1", "Participation1\WPF1.csproj", "{873C21E1-E635-46C1-B01D-0B30EA9DD30A}"
EndProject
Global
	GlobalSection(SolutionConfigurationPlatforms) = preSolution
		Debug|Any CPU = Debug|Any CPU
		Release|Any CPU = Release|Any CPU
	EndGlobalSection
	GlobalSection(ProjectConfigurationPlatforms) = postSolution
		{873C21E1-E635-46C1-B01D-0B30EA9DD30A}.Debug|Any CPU.ActiveCfg = Debug|Any CPU
		{873C21E1-E635-46C1-B01D-0B30EA9DD30A}.Debug|Any CPU.Build.0 = Debug|Any CPU
		{873C21E1-E635-46C1-B01D-0B30EA9DD30A}.Release|Any CPU.ActiveCfg = Release|Any CPU
		{873C21E1-E635-46C1-B01D-0B30EA9DD30A}.Release|Any CPU.Build.0 = Release|Any CPU
	EndGlobalSection
	GlobalSection(SolutionProperties) = preSolution
		HideSolutionNode = FALSE
	EndGlobalSection
	GlobalSection(ExtensibilityGlobals) = postSolution
		SolutionGuid = {63BEC614-F946-4AED-897B-C9B0AF5FC483}
	EndGlobalSection
EndGlobal
